// !$*UTF8*$!
{
	archiveVersion = 1;
	classes = {
	};
	objectVersion = 50;
	objects = {

/* Begin PBXBuildFile section */
		105A7BFF24F7D9C000991280 /* AppDelegate.swift in Sources */ = {isa = PBXBuildFile; fileRef = 105A7BFE24F7D9C000991280 /* AppDelegate.swift */; };
		105A7C0124F7D9C000991280 /* SceneDelegate.swift in Sources */ = {isa = PBXBuildFile; fileRef = 105A7C0024F7D9C000991280 /* SceneDelegate.swift */; };
		105A7C0324F7D9C000991280 /* ViewController.swift in Sources */ = {isa = PBXBuildFile; fileRef = 105A7C0224F7D9C000991280 /* ViewController.swift */; };
		105A7C0624F7D9C000991280 /* Main.storyboard in Resources */ = {isa = PBXBuildFile; fileRef = 105A7C0424F7D9C000991280 /* Main.storyboard */; };
		105A7C0824F7D9C400991280 /* Assets.xcassets in Resources */ = {isa = PBXBuildFile; fileRef = 105A7C0724F7D9C400991280 /* Assets.xcassets */; };
		105A7C0B24F7D9C400991280 /* LaunchScreen.storyboard in Resources */ = {isa = PBXBuildFile; fileRef = 105A7C0924F7D9C400991280 /* LaunchScreen.storyboard */; };
/* End PBXBuildFile section */

/* Begin PBXFileReference section */
		105A7BFB24F7D9C000991280 /* BluetoothTest2.app */ = {isa = PBXFileReference; explicitFileType = wrapper.application; includeInIndex = 0; path = BluetoothTest2.app; sourceTree = BUILT_PRODUCTS_DIR; };
		105A7BFE24F7D9C000991280 /* AppDelegate.swift */ = {isa = PBXFileReference; lastKnownFileType = sourcecode.swift; path = AppDelegate.swift; sourceTree = "<group>"; };
		105A7C0024F7D9C000991280 /* SceneDelegate.swift */ = {isa = PBXFileReference; lastKnownFileType = sourcecode.swift; path = SceneDelegate.swift; sourceTree = "<group>"; };
		105A7C0224F7D9C000991280 /* ViewController.swift */ = {isa = PBXFileReference; lastKnownFileType = sourcecode.swift; path = ViewController.swift; sourceTree = "<group>"; };
		105A7C0524F7D9C000991280 /* Base */ = {isa = PBXFileReference; lastKnownFileType = file.storyboard; name = Base; path = Base.lproj/Main.storyboard; sourceTree = "<group>"; };
		105A7C0724F7D9C400991280 /* Assets.xcassets */ = {isa = PBXFileReference; lastKnownFileType = folder.assetcatalog; path = Assets.xcassets; sourceTree = "<group>"; };
		105A7C0A24F7D9C400991280 /* Base */ = {isa = PBXFileReference; lastKnownFileType = file.storyboard; name = Base; path = Base.lproj/LaunchScreen.storyboard; sourceTree = "<group>"; };
		105A7C0C24F7D9C400991280 /* Info.plist */ = {isa = PBXFileReference; lastKnownFileType = text.plist.xml; path = Info.plist; sourceTree = "<group>"; };
/* End PBXFileReference section */

/* Begin PBXFrameworksBuildPhase section */
		105A7BF824F7D9C000991280 /* Frameworks */ = {
			isa = PBXFrameworksBuildPhase;
			buildActionMask = 2147483647;
			files = (
			);
			runOnlyForDeploymentPostprocessing = 0;
		};
/* End PBXFrameworksBuildPhase section */

/* Begin PBXGroup section */
		105A7BF224F7D9C000991280 = {
			isa = PBXGroup;
			children = (
				105A7BFD24F7D9C000991280 /* BluetoothTest2 */,
				105A7BFC24F7D9C000991280 /* Products */,
			);
			sourceTree = "<group>";
		};
		105A7BFC24F7D9C000991280 /* Products */ = {
			isa = PBXGroup;
			children = (
				105A7BFB24F7D9C000991280 /* BluetoothTest2.app */,
			);
			name = Products;
			sourceTree = "<group>";
		};
		105A7BFD24F7D9C000991280 /* BluetoothTest2 */ = {
			isa = PBXGroup;
			children = (
				105A7BFE24F7D9C000991280 /* AppDelegate.swift */,
				105A7C0024F7D9C000991280 /* SceneDelegate.swift */,
				105A7C0224F7D9C000991280 /* ViewController.swift */,
				105A7C0424F7D9C000991280 /* Main.storyboard */,
				105A7C0724F7D9C400991280 /* Assets.xcassets */,
				105A7C0924F7D9C400991280 /* LaunchScreen.storyboard */,
				105A7C0C24F7D9C400991280 /* Info.plist */,
			);
			path = BluetoothTest2;
			sourceTree = "<group>";
		};
/* End PBXGroup section */

/* Begin PBXNativeTarget section */
		105A7BFA24F7D9C000991280 /* BluetoothTest2 */ = {
			isa = PBXNativeTarget;
			buildConfigurationList = 105A7C0F24F7D9C400991280 /* Build configuration list for PBXNativeTarget "BluetoothTest2" */;
			buildPhases = (
				105A7BF724F7D9C000991280 /* Sources */,
				105A7BF824F7D9C000991280 /* Frameworks */,
				105A7BF924F7D9C000991280 /* Resources */,
			);
			buildRules = (
			);
			dependencies = (
			);
			name = BluetoothTest2;
			productName = BluetoothTest2;
			productReference = 105A7BFB24F7D9C000991280 /* BluetoothTest2.app */;
			productType = "com.apple.product-type.application";
		};
/* End PBXNativeTarget section */

/* Begin PBXProject section */
		105A7BF324F7D9C000991280 /* Project object */ = {
			isa = PBXProject;
			attributes = {
				LastSwiftUpdateCheck = 1160;
				LastUpgradeCheck = 1160;
				ORGANIZATIONNAME = "Robin Reinhardt";
				TargetAttributes = {
					105A7BFA24F7D9C000991280 = {
						CreatedOnToolsVersion = 11.6;
					};
				};
			};
			buildConfigurationList = 105A7BF624F7D9C000991280 /* Build configuration list for PBXProject "BluetoothTest2" */;
			compatibilityVersion = "Xcode 9.3";
			developmentRegion = en;
			hasScannedForEncodings = 0;
			knownRegions = (
				en,
				Base,
			);
			mainGroup = 105A7BF224F7D9C000991280;
			productRefGroup = 105A7BFC24F7D9C000991280 /* Products */;
			projectDirPath = "";
			projectRoot = "";
			targets = (
				105A7BFA24F7D9C000991280 /* BluetoothTest2 */,
			);
		};
/* End PBXProject section */

/* Begin PBXResourcesBuildPhase section */
		105A7BF924F7D9C000991280 /* Resources */ = {
			isa = PBXResourcesBuildPhase;
			buildActionMask = 2147483647;
			files = (
				105A7C0B24F7D9C400991280 /* LaunchScreen.storyboard in Resources */,
				105A7C0824F7D9C400991280 /* Assets.xcassets in Resources */,
				105A7C0624F7D9C000991280 /* Main.storyboard in Resources */,
			);
			runOnlyForDeploymentPostprocessing = 0;
		};
/* End PBXResourcesBuildPhase section */

/* Begin PBXSourcesBuildPhase section */
		105A7BF724F7D9C000991280 /* Sources */ = {
			isa = PBXSourcesBuildPhase;
			buildActionMask = 2147483647;
			files = (
				105A7C0324F7D9C000991280 /* ViewController.swift in Sources */,
				105A7BFF24F7D9C000991280 /* AppDelegate.swift in Sources */,
				105A7C0124F7D9C000991280 /* SceneDelegate.swift in Sources */,
			);
			runOnlyForDeploymentPostprocessing = 0;
		};
/* End PBXSourcesBuildPhase section */

/* Begin PBXVariantGroup section */
		105A7C0424F7D9C000991280 /* Main.storyboard */ = {
			isa = PBXVariantGroup;
			children = (
				105A7C0524F7D9C000991280 /* Base */,
			);
			name = Main.storyboard;
			sourceTree = "<group>";
		};
		105A7C0924F7D9C400991280 /* LaunchScreen.storyboard */ = {
			isa = PBXVariantGroup;
			children = (
				105A7C0A24F7D9C400991280 /* Base */,
			);
			name = LaunchScreen.storyboard;
			sourceTree = "<group>";
		};
/* End PBXVariantGroup section */

/* Begin XCBuildConfiguration section */
		105A7C0D24F7D9C400991280 /* Debug */ = {
			isa = XCBuildConfiguration;
			buildSettings = {
				ALWAYS_SEARCH_USER_PATHS = NO;
				CLANG_ANALYZER_NONNULL = YES;
				CLANG_ANALYZER_NUMBER_OBJECT_CONVERSION = YES_AGGRESSIVE;
				CLANG_CXX_LANGUAGE_STANDARD = "gnu++14";
				CLANG_CXX_LIBRARY = "libc++";
				CLANG_ENABLE_MODULES = YES;
				CLANG_ENABLE_OBJC_ARC = YES;
				CLANG_ENABLE_OBJC_WEAK = YES;
				CLANG_WARN_BLOCK_CAPTURE_AUTORELEASING = YES;
				CLANG_WARN_BOOL_CONVERSION = YES;
				CLANG_WARN_COMMA = YES;
				CLANG_WARN_CONSTANT_CONVERSION = YES;
				CLANG_WARN_DEPRECATED_OBJC_IMPLEMENTATIONS = YES;
				CLANG_WARN_DIRECT_OBJC_ISA_USAGE = YES_ERROR;
				CLANG_WARN_DOCUMENTATION_COMMENTS = YES;
				CLANG_WARN_EMPTY_BODY = YES;
				CLANG_WARN_ENUM_CONVERSION = YES;
				CLANG_WARN_INFINITE_RECURSION = YES;
				CLANG_WARN_INT_CONVERSION = YES;
				CLANG_WARN_NON_LITERAL_NULL_CONVERSION = YES;
				CLANG_WARN_OBJC_IMPLICIT_RETAIN_SELF = YES;
				CLANG_WARN_OBJC_LITERAL_CONVERSION = YES;
				CLANG_WARN_OBJC_ROOT_CLASS = YES_ERROR;
				CLANG_WARN_RANGE_LOOP_ANALYSIS = YES;
				CLANG_WARN_STRICT_PROTOTYPES = YES;
				CLANG_WARN_SUSPICIOUS_MOVE = YES;
				CLANG_WARN_UNGUARDED_AVAILABILITY = YES_AGGRESSIVE;
				CLANG_WARN_UNREACHABLE_CODE = YES;
				CLANG_WARN__DUPLICATE_METHOD_MATCH = YES;
				COPY_PHASE_STRIP = NO;
				DEBUG_INFORMATION_FORMAT = dwarf;
				ENABLE_STRICT_OBJC_MSGSEND = YES;
				ENABLE_TESTABILITY = YES;
				GCC_C_LANGUAGE_STANDARD = gnu11;
				GCC_DYNAMIC_NO_PIC = NO;
				GCC_NO_COMMON_BLOCKS = YES;
				GCC_OPTIMIZATION_LEVEL = 0;
				GCC_PREPROCESSOR_DEFINITIONS = (
					"DEBUG=1",
					"$(inherited)",
				);
				GCC_WARN_64_TO_32_BIT_CONVERSION = YES;
				GCC_WARN_ABOUT_RETURN_TYPE = YES_ERROR;
				GCC_WARN_UNDECLARED_SELECTOR = YES;
				GCC_WARN_UNINITIALIZED_AUTOS = YES_AGGRESSIVE;
				GCC_WARN_UNUSED_FUNCTION = YES;
				GCC_WARN_UNUSED_VARIABLE = YES;
				IPHONEOS_DEPLOYMENT_TARGET = 13.6;
				MTL_ENABLE_DEBUG_INFO = INCLUDE_SOURCE;
				MTL_FAST_MATH = YES;
				ONLY_ACTIVE_ARCH = YES;
				SDKROOT = iphoneos;
				SWIFT_ACTIVE_COMPILATION_CONDITIONS = DEBUG;
				SWIFT_OPTIMIZATION_LEVEL = "-Onone";
			};
			name = Debug;
		};
		105A7C0E24F7D9C400991280 /* Release */ = {
			isa = XCBuildConfiguration;
			buildSettings = {
				ALWAYS_SEARCH_USER_PATHS = NO;
				CLANG_ANALYZER_NONNULL = YES;
				CLANG_ANALYZER_NUMBER_OBJECT_CONVERSION = YES_AGGRESSIVE;
				CLANG_CXX_LANGUAGE_STANDARD = "gnu++14";
				CLANG_CXX_LIBRARY = "libc++";
				CLANG_ENABLE_MODULES = YES;
				CLANG_ENABLE_OBJC_ARC = YES;
				CLANG_ENABLE_OBJC_WEAK = YES;
				CLANG_WARN_BLOCK_CAPTURE_AUTORELEASING = YES;
				CLANG_WARN_BOOL_CONVERSION = YES;
				CLANG_WARN_COMMA = YES;
				CLANG_WARN_CONSTANT_CONVERSION = YES;
				CLANG_WARN_DEPRECATED_OBJC_IMPLEMENTATIONS = YES;
				CLANG_WARN_DIRECT_OBJC_ISA_USAGE = YES_ERROR;
				CLANG_WARN_DOCUMENTATION_COMMENTS = YES;
				CLANG_WARN_EMPTY_BODY = YES;
				CLANG_WARN_ENUM_CONVERSION = YES;
				CLANG_WARN_INFINITE_RECURSION = YES;
				CLANG_WARN_INT_CONVERSION = YES;
				CLANG_WARN_NON_LITERAL_NULL_CONVERSION = YES;
				CLANG_WARN_OBJC_IMPLICIT_RETAIN_SELF = YES;
				CLANG_WARN_OBJC_LITERAL_CONVERSION = YES;
				CLANG_WARN_OBJC_ROOT_CLASS = YES_ERROR;
				CLANG_WARN_RANGE_LOOP_ANALYSIS = YES;
				CLANG_WARN_STRICT_PROTOTYPES = YES;
				CLANG_WARN_SUSPICIOUS_MOVE = YES;
				CLANG_WARN_UNGUARDED_AVAILABILITY = YES_AGGRESSIVE;
				CLANG_WARN_UNREACHABLE_CODE = YES;
				CLANG_WARN__DUPLICATE_METHOD_MATCH = YES;
				COPY_PHASE_STRIP = NO;
				DEBUG_INFORMATION_FORMAT = "dwarf-with-dsym";
				ENABLE_NS_ASSERTIONS = NO;
				ENABLE_STRICT_OBJC_MSGSEND = YES;
				GCC_C_LANGUAGE_STANDARD = gnu11;
				GCC_NO_COMMON_BLOCKS = YES;
				GCC_WARN_64_TO_32_BIT_CONVERSION = YES;
				GCC_WARN_ABOUT_RETURN_TYPE = YES_ERROR;
				GCC_WARN_UNDECLARED_SELECTOR = YES;
				GCC_WARN_UNINITIALIZED_AUTOS = YES_AGGRESSIVE;
				GCC_WARN_UNUSED_FUNCTION = YES;
				GCC_WARN_UNUSED_VARIABLE = YES;
				IPHONEOS_DEPLOYMENT_TARGET = 13.6;
				MTL_ENABLE_DEBUG_INFO = NO;
				MTL_FAST_MATH = YES;
				SDKROOT = iphoneos;
				SWIFT_COMPILATION_MODE = wholemodule;
				SWIFT_OPTIMIZATION_LEVEL = "-O";
				VALIDATE_PRODUCT = YES;
			};
			name = Release;
		};
		105A7C1024F7D9C400991280 /* Debug */ = {
			isa = XCBuildConfiguration;
			buildSettings = {
				ASSETCATALOG_COMPILER_APPICON_NAME = AppIcon;
				CODE_SIGN_STYLE = Automatic;
				DEVELOPMENT_TEAM = QSNT8P4GS2;
				INFOPLIST_FILE = BluetoothTest2/Info.plist;
				LD_RUNPATH_SEARCH_PATHS = (
					"$(inherited)",
					"@executable_path/Frameworks",
				);
				PRODUCT_BUNDLE_IDENTIFIER = com.r0b1nr31nh4rdt.BluetoothTest2;
				PRODUCT_NAME = "$(TARGET_NAME)";
				SWIFT_VERSION = 5.0;
				TARGETED_DEVICE_FAMILY = "1,2";
			};
			name = Debug;
		};
		105A7C1124F7D9C400991280 /* Release */ = {
			isa = XCBuildConfiguration;
			buildSettings = {
				ASSETCATALOG_COMPILER_APPICON_NAME = AppIcon;
				CODE_SIGN_STYLE = Automatic;
				DEVELOPMENT_TEAM = QSNT8P4GS2;
				INFOPLIST_FILE = BluetoothTest2/Info.plist;
				LD_RUNPATH_SEARCH_PATHS = (
					"$(inherited)",
					"@executable_path/Frameworks",
				);
				PRODUCT_BUNDLE_IDENTIFIER = com.r0b1nr31nh4rdt.BluetoothTest2;
				PRODUCT_NAME = "$(TARGET_NAME)";
				SWIFT_VERSION = 5.0;
				TARGETED_DEVICE_FAMILY = "1,2";
			};
			name = Release;
		};
/* End XCBuildConfiguration section */

/* Begin XCConfigurationList section */
		105A7BF624F7D9C000991280 /* Build configuration list for PBXProject "BluetoothTest2" */ = {
			isa = XCConfigurationList;
			buildConfigurations = (
				105A7C0D24F7D9C400991280 /* Debug */,
				105A7C0E24F7D9C400991280 /* Release */,
			);
			defaultConfigurationIsVisible = 0;
			defaultConfigurationName = Release;
		};
		105A7C0F24F7D9C400991280 /* Build configuration list for PBXNativeTarget "BluetoothTest2" */ = {
			isa = XCConfigurationList;
			buildConfigurations = (
				105A7C1024F7D9C400991280 /* Debug */,
				105A7C1124F7D9C400991280 /* Release */,
			);
			defaultConfigurationIsVisible = 0;
			defaultConfigurationName = Release;
		};
/* End XCConfigurationList section */
	};
	rootObject = 105A7BF324F7D9C000991280 /* Project object */;
}
